// !$*UTF8*$!
{
	archiveVersion = 1;
	classes = {
	};
	objectVersion = 46;
	objects = {

/* Begin PBXBuildFile section */
		DF53D7CD1C3B894F00DB457E /* AppDelegate.swift in Sources */ = {isa = PBXBuildFile; fileRef = DF53D7CC1C3B894F00DB457E /* AppDelegate.swift */; };
		DF53D7CF1C3B894F00DB457E /* ViewController.swift in Sources */ = {isa = PBXBuildFile; fileRef = DF53D7CE1C3B894F00DB457E /* ViewController.swift */; };
		DF53D7D41C3B894F00DB457E /* Assets.xcassets in Resources */ = {isa = PBXBuildFile; fileRef = DF53D7D31C3B894F00DB457E /* Assets.xcassets */; };
		DF53D7D71C3B894F00DB457E /* LaunchScreen.storyboard in Resources */ = {isa = PBXBuildFile; fileRef = DF53D7D51C3B894F00DB457E /* LaunchScreen.storyboard */; };
		DF53D7E21C3B894F00DB457E /* FunnelKitDemoUITests.swift in Sources */ = {isa = PBXBuildFile; fileRef = DF53D7E11C3B894F00DB457E /* FunnelKitDemoUITests.swift */; };
		DF53D7EE1C3B8A2100DB457E /* FunnelKit.framework in Frameworks */ = {isa = PBXBuildFile; fileRef = DF53D7EC1C3B8A2100DB457E /* FunnelKit.framework */; };
		DF53D7EF1C3B8A2100DB457E /* FunnelKit.framework in Embed Frameworks */ = {isa = PBXBuildFile; fileRef = DF53D7EC1C3B8A2100DB457E /* FunnelKit.framework */; settings = {ATTRIBUTES = (CodeSignOnCopy, RemoveHeadersOnCopy, ); }; };
		DF53D7F01C3B8A2100DB457E /* PFoundation.framework in Frameworks */ = {isa = PBXBuildFile; fileRef = DF53D7ED1C3B8A2100DB457E /* PFoundation.framework */; };
		DF53D7F11C3B8A2100DB457E /* PFoundation.framework in Embed Frameworks */ = {isa = PBXBuildFile; fileRef = DF53D7ED1C3B8A2100DB457E /* PFoundation.framework */; settings = {ATTRIBUTES = (CodeSignOnCopy, RemoveHeadersOnCopy, ); }; };
		DF53D7F61C3B8B2C00DB457E /* PersonalInformationFunnel.swift in Sources */ = {isa = PBXBuildFile; fileRef = DF53D7F51C3B8B2C00DB457E /* PersonalInformationFunnel.swift */; };
		DF53D7F81C3B8B8500DB457E /* NameStep.swift in Sources */ = {isa = PBXBuildFile; fileRef = DF53D7F71C3B8B8500DB457E /* NameStep.swift */; };
		DF53D7FA1C3B8C6D00DB457E /* UserBuilderCoordinator.swift in Sources */ = {isa = PBXBuildFile; fileRef = DF53D7F91C3B8C6D00DB457E /* UserBuilderCoordinator.swift */; };
		DF53D7FE1C3B94E200DB457E /* User.swift in Sources */ = {isa = PBXBuildFile; fileRef = DF53D7FD1C3B94E200DB457E /* User.swift */; };
		DF53D8001C3B966E00DB457E /* EmailStep.swift in Sources */ = {isa = PBXBuildFile; fileRef = DF53D7FF1C3B966E00DB457E /* EmailStep.swift */; };
		DF53D8021C3B969C00DB457E /* AgeStep.swift in Sources */ = {isa = PBXBuildFile; fileRef = DF53D8011C3B969C00DB457E /* AgeStep.swift */; };
/* End PBXBuildFile section */

/* Begin PBXContainerItemProxy section */
		DF53D7DE1C3B894F00DB457E /* PBXContainerItemProxy */ = {
			isa = PBXContainerItemProxy;
			containerPortal = DF53D7C11C3B894F00DB457E /* Project object */;
			proxyType = 1;
			remoteGlobalIDString = DF53D7C81C3B894F00DB457E;
			remoteInfo = FunnelKitDemo;
		};
/* End PBXContainerItemProxy section */

/* Begin PBXCopyFilesBuildPhase section */
		DF53D7F21C3B8A2100DB457E /* Embed Frameworks */ = {
			isa = PBXCopyFilesBuildPhase;
			buildActionMask = 2147483647;
			dstPath = "";
			dstSubfolderSpec = 10;
			files = (
				DF53D7F11C3B8A2100DB457E /* PFoundation.framework in Embed Frameworks */,
				DF53D7EF1C3B8A2100DB457E /* FunnelKit.framework in Embed Frameworks */,
			);
			name = "Embed Frameworks";
			runOnlyForDeploymentPostprocessing = 0;
		};
/* End PBXCopyFilesBuildPhase section */

/* Begin PBXFileReference section */
		DF53D7C91C3B894F00DB457E /* FunnelKitDemo.app */ = {isa = PBXFileReference; explicitFileType = wrapper.application; includeInIndex = 0; path = FunnelKitDemo.app; sourceTree = BUILT_PRODUCTS_DIR; };
		DF53D7CC1C3B894F00DB457E /* AppDelegate.swift */ = {isa = PBXFileReference; lastKnownFileType = sourcecode.swift; path = AppDelegate.swift; sourceTree = "<group>"; };
		DF53D7CE1C3B894F00DB457E /* ViewController.swift */ = {isa = PBXFileReference; lastKnownFileType = sourcecode.swift; path = ViewController.swift; sourceTree = "<group>"; };
		DF53D7D31C3B894F00DB457E /* Assets.xcassets */ = {isa = PBXFileReference; lastKnownFileType = folder.assetcatalog; path = Assets.xcassets; sourceTree = "<group>"; };
		DF53D7D61C3B894F00DB457E /* Base */ = {isa = PBXFileReference; lastKnownFileType = file.storyboard; name = Base; path = Base.lproj/LaunchScreen.storyboard; sourceTree = "<group>"; };
		DF53D7D81C3B894F00DB457E /* Info.plist */ = {isa = PBXFileReference; lastKnownFileType = text.plist.xml; path = Info.plist; sourceTree = "<group>"; };
		DF53D7DD1C3B894F00DB457E /* FunnelKitDemoUITests.xctest */ = {isa = PBXFileReference; explicitFileType = wrapper.cfbundle; includeInIndex = 0; path = FunnelKitDemoUITests.xctest; sourceTree = BUILT_PRODUCTS_DIR; };
		DF53D7E11C3B894F00DB457E /* FunnelKitDemoUITests.swift */ = {isa = PBXFileReference; lastKnownFileType = sourcecode.swift; path = FunnelKitDemoUITests.swift; sourceTree = "<group>"; };
		DF53D7E31C3B894F00DB457E /* Info.plist */ = {isa = PBXFileReference; lastKnownFileType = text.plist.xml; path = Info.plist; sourceTree = "<group>"; };
		DF53D7EC1C3B8A2100DB457E /* FunnelKit.framework */ = {isa = PBXFileReference; lastKnownFileType = wrapper.framework; name = FunnelKit.framework; path = Carthage/Build/iOS/FunnelKit.framework; sourceTree = "<group>"; };
		DF53D7ED1C3B8A2100DB457E /* PFoundation.framework */ = {isa = PBXFileReference; lastKnownFileType = wrapper.framework; name = PFoundation.framework; path = Carthage/Build/iOS/PFoundation.framework; sourceTree = "<group>"; };
		DF53D7F51C3B8B2C00DB457E /* PersonalInformationFunnel.swift */ = {isa = PBXFileReference; fileEncoding = 4; lastKnownFileType = sourcecode.swift; path = PersonalInformationFunnel.swift; sourceTree = "<group>"; };
		DF53D7F71C3B8B8500DB457E /* NameStep.swift */ = {isa = PBXFileReference; fileEncoding = 4; lastKnownFileType = sourcecode.swift; path = NameStep.swift; sourceTree = "<group>"; };
		DF53D7F91C3B8C6D00DB457E /* UserBuilderCoordinator.swift */ = {isa = PBXFileReference; fileEncoding = 4; lastKnownFileType = sourcecode.swift; path = UserBuilderCoordinator.swift; sourceTree = "<group>"; };
		DF53D7FD1C3B94E200DB457E /* User.swift */ = {isa = PBXFileReference; fileEncoding = 4; lastKnownFileType = sourcecode.swift; path = User.swift; sourceTree = "<group>"; };
		DF53D7FF1C3B966E00DB457E /* EmailStep.swift */ = {isa = PBXFileReference; fileEncoding = 4; lastKnownFileType = sourcecode.swift; path = EmailStep.swift; sourceTree = "<group>"; };
		DF53D8011C3B969C00DB457E /* AgeStep.swift */ = {isa = PBXFileReference; fileEncoding = 4; lastKnownFileType = sourcecode.swift; path = AgeStep.swift; sourceTree = "<group>"; };
/* End PBXFileReference section */

/* Begin PBXFrameworksBuildPhase section */
		DF53D7C61C3B894F00DB457E /* Frameworks */ = {
			isa = PBXFrameworksBuildPhase;
			buildActionMask = 2147483647;
			files = (
				DF53D7F01C3B8A2100DB457E /* PFoundation.framework in Frameworks */,
				DF53D7EE1C3B8A2100DB457E /* FunnelKit.framework in Frameworks */,
			);
			runOnlyForDeploymentPostprocessing = 0;
		};
		DF53D7DA1C3B894F00DB457E /* Frameworks */ = {
			isa = PBXFrameworksBuildPhase;
			buildActionMask = 2147483647;
			files = (
			);
			runOnlyForDeploymentPostprocessing = 0;
		};
/* End PBXFrameworksBuildPhase section */

/* Begin PBXGroup section */
		DF53D7C01C3B894F00DB457E = {
			isa = PBXGroup;
			children = (
				DF53D7CB1C3B894F00DB457E /* FunnelKitDemo */,
				DF53D7E01C3B894F00DB457E /* FunnelKitDemoUITests */,
				DF53D7CA1C3B894F00DB457E /* Products */,
				DF53D7F31C3B8A3400DB457E /* Frameworks */,
			);
			sourceTree = "<group>";
		};
		DF53D7CA1C3B894F00DB457E /* Products */ = {
			isa = PBXGroup;
			children = (
				DF53D7C91C3B894F00DB457E /* FunnelKitDemo.app */,
				DF53D7DD1C3B894F00DB457E /* FunnelKitDemoUITests.xctest */,
			);
			name = Products;
			sourceTree = "<group>";
		};
		DF53D7CB1C3B894F00DB457E /* FunnelKitDemo */ = {
			isa = PBXGroup;
			children = (
				DF53D7CC1C3B894F00DB457E /* AppDelegate.swift */,
				DF53D7CE1C3B894F00DB457E /* ViewController.swift */,
				DF53D7F41C3B8B1000DB457E /* PersonalInformationFunnel */,
				DF53D7D31C3B894F00DB457E /* Assets.xcassets */,
				DF53D7D51C3B894F00DB457E /* LaunchScreen.storyboard */,
				DF53D7D81C3B894F00DB457E /* Info.plist */,
			);
			path = FunnelKitDemo;
			sourceTree = "<group>";
		};
		DF53D7E01C3B894F00DB457E /* FunnelKitDemoUITests */ = {
			isa = PBXGroup;
			children = (
				DF53D7E11C3B894F00DB457E /* FunnelKitDemoUITests.swift */,
				DF53D7E31C3B894F00DB457E /* Info.plist */,
			);
			path = FunnelKitDemoUITests;
			sourceTree = "<group>";
		};
		DF53D7F31C3B8A3400DB457E /* Frameworks */ = {
			isa = PBXGroup;
			children = (
				DF53D7EC1C3B8A2100DB457E /* FunnelKit.framework */,
				DF53D7ED1C3B8A2100DB457E /* PFoundation.framework */,
			);
			name = Frameworks;
			sourceTree = "<group>";
		};
		DF53D7F41C3B8B1000DB457E /* PersonalInformationFunnel */ = {
			isa = PBXGroup;
			children = (
				DF53D7F51C3B8B2C00DB457E /* PersonalInformationFunnel.swift */,
				DF53D7F91C3B8C6D00DB457E /* UserBuilderCoordinator.swift */,
				DF53D7F71C3B8B8500DB457E /* NameStep.swift */,
				DF53D7FF1C3B966E00DB457E /* EmailStep.swift */,
				DF53D8011C3B969C00DB457E /* AgeStep.swift */,
				DF53D7FD1C3B94E200DB457E /* User.swift */,
			);
			path = PersonalInformationFunnel;
			sourceTree = "<group>";
		};
/* End PBXGroup section */

/* Begin PBXNativeTarget section */
		DF53D7C81C3B894F00DB457E /* FunnelKitDemo */ = {
			isa = PBXNativeTarget;
			buildConfigurationList = DF53D7E61C3B894F00DB457E /* Build configuration list for PBXNativeTarget "FunnelKitDemo" */;
			buildPhases = (
				DF53D7C51C3B894F00DB457E /* Sources */,
				DF53D7C61C3B894F00DB457E /* Frameworks */,
				DF53D7C71C3B894F00DB457E /* Resources */,
				DF53D7F21C3B8A2100DB457E /* Embed Frameworks */,
			);
			buildRules = (
			);
			dependencies = (
			);
			name = FunnelKitDemo;
			productName = FunnelKitDemo;
			productReference = DF53D7C91C3B894F00DB457E /* FunnelKitDemo.app */;
			productType = "com.apple.product-type.application";
		};
		DF53D7DC1C3B894F00DB457E /* FunnelKitDemoUITests */ = {
			isa = PBXNativeTarget;
			buildConfigurationList = DF53D7E91C3B894F00DB457E /* Build configuration list for PBXNativeTarget "FunnelKitDemoUITests" */;
			buildPhases = (
				DF53D7D91C3B894F00DB457E /* Sources */,
				DF53D7DA1C3B894F00DB457E /* Frameworks */,
				DF53D7DB1C3B894F00DB457E /* Resources */,
			);
			buildRules = (
			);
			dependencies = (
				DF53D7DF1C3B894F00DB457E /* PBXTargetDependency */,
			);
			name = FunnelKitDemoUITests;
			productName = FunnelKitDemoUITests;
			productReference = DF53D7DD1C3B894F00DB457E /* FunnelKitDemoUITests.xctest */;
			productType = "com.apple.product-type.bundle.ui-testing";
		};
/* End PBXNativeTarget section */

/* Begin PBXProject section */
		DF53D7C11C3B894F00DB457E /* Project object */ = {
			isa = PBXProject;
			attributes = {
				LastSwiftUpdateCheck = 0720;
				LastUpgradeCheck = 0720;
				ORGANIZATIONNAME = Reserbus;
				TargetAttributes = {
					DF53D7C81C3B894F00DB457E = {
						CreatedOnToolsVersion = 7.2;
					};
					DF53D7DC1C3B894F00DB457E = {
						CreatedOnToolsVersion = 7.2;
						TestTargetID = DF53D7C81C3B894F00DB457E;
					};
				};
			};
			buildConfigurationList = DF53D7C41C3B894F00DB457E /* Build configuration list for PBXProject "FunnelKitDemo" */;
			compatibilityVersion = "Xcode 3.2";
			developmentRegion = English;
			hasScannedForEncodings = 0;
			knownRegions = (
				en,
				Base,
			);
			mainGroup = DF53D7C01C3B894F00DB457E;
			productRefGroup = DF53D7CA1C3B894F00DB457E /* Products */;
			projectDirPath = "";
			projectRoot = "";
			targets = (
				DF53D7C81C3B894F00DB457E /* FunnelKitDemo */,
				DF53D7DC1C3B894F00DB457E /* FunnelKitDemoUITests */,
			);
		};
/* End PBXProject section */

/* Begin PBXResourcesBuildPhase section */
		DF53D7C71C3B894F00DB457E /* Resources */ = {
			isa = PBXResourcesBuildPhase;
			buildActionMask = 2147483647;
			files = (
				DF53D7D71C3B894F00DB457E /* LaunchScreen.storyboard in Resources */,
				DF53D7D41C3B894F00DB457E /* Assets.xcassets in Resources */,
			);
			runOnlyForDeploymentPostprocessing = 0;
		};
		DF53D7DB1C3B894F00DB457E /* Resources */ = {
			isa = PBXResourcesBuildPhase;
			buildActionMask = 2147483647;
			files = (
			);
			runOnlyForDeploymentPostprocessing = 0;
		};
/* End PBXResourcesBuildPhase section */

/* Begin PBXSourcesBuildPhase section */
		DF53D7C51C3B894F00DB457E /* Sources */ = {
			isa = PBXSourcesBuildPhase;
			buildActionMask = 2147483647;
			files = (
				DF53D7F61C3B8B2C00DB457E /* PersonalInformationFunnel.swift in Sources */,
				DF53D8021C3B969C00DB457E /* AgeStep.swift in Sources */,
				DF53D7CF1C3B894F00DB457E /* ViewController.swift in Sources */,
				DF53D7FE1C3B94E200DB457E /* User.swift in Sources */,
				DF53D7FA1C3B8C6D00DB457E /* UserBuilderCoordinator.swift in Sources */,
				DF53D8001C3B966E00DB457E /* EmailStep.swift in Sources */,
				DF53D7F81C3B8B8500DB457E /* NameStep.swift in Sources */,
				DF53D7CD1C3B894F00DB457E /* AppDelegate.swift in Sources */,
			);
			runOnlyForDeploymentPostprocessing = 0;
		};
		DF53D7D91C3B894F00DB457E /* Sources */ = {
			isa = PBXSourcesBuildPhase;
			buildActionMask = 2147483647;
			files = (
				DF53D7E21C3B894F00DB457E /* FunnelKitDemoUITests.swift in Sources */,
			);
			runOnlyForDeploymentPostprocessing = 0;
		};
/* End PBXSourcesBuildPhase section */

/* Begin PBXTargetDependency section */
		DF53D7DF1C3B894F00DB457E /* PBXTargetDependency */ = {
			isa = PBXTargetDependency;
			target = DF53D7C81C3B894F00DB457E /* FunnelKitDemo */;
			targetProxy = DF53D7DE1C3B894F00DB457E /* PBXContainerItemProxy */;
		};
/* End PBXTargetDependency section */

/* Begin PBXVariantGroup section */
		DF53D7D51C3B894F00DB457E /* LaunchScreen.storyboard */ = {
			isa = PBXVariantGroup;
			children = (
				DF53D7D61C3B894F00DB457E /* Base */,
			);
			name = LaunchScreen.storyboard;
			sourceTree = "<group>";
		};
/* End PBXVariantGroup section */

/* Begin XCBuildConfiguration section */
		DF53D7E41C3B894F00DB457E /* Debug */ = {
			isa = XCBuildConfiguration;
			buildSettings = {
				ALWAYS_SEARCH_USER_PATHS = NO;
				CLANG_CXX_LANGUAGE_STANDARD = "gnu++0x";
				CLANG_CXX_LIBRARY = "libc++";
				CLANG_ENABLE_MODULES = YES;
				CLANG_ENABLE_OBJC_ARC = YES;
				CLANG_WARN_BOOL_CONVERSION = YES;
				CLANG_WARN_CONSTANT_CONVERSION = YES;
				CLANG_WARN_DIRECT_OBJC_ISA_USAGE = YES_ERROR;
				CLANG_WARN_EMPTY_BODY = YES;
				CLANG_WARN_ENUM_CONVERSION = YES;
				CLANG_WARN_INT_CONVERSION = YES;
				CLANG_WARN_OBJC_ROOT_CLASS = YES_ERROR;
				CLANG_WARN_UNREACHABLE_CODE = YES;
				CLANG_WARN__DUPLICATE_METHOD_MATCH = YES;
				"CODE_SIGN_IDENTITY[sdk=iphoneos*]" = "iPhone Developer";
				COPY_PHASE_STRIP = NO;
				DEBUG_INFORMATION_FORMAT = dwarf;
				ENABLE_STRICT_OBJC_MSGSEND = YES;
				ENABLE_TESTABILITY = YES;
				GCC_C_LANGUAGE_STANDARD = gnu99;
				GCC_DYNAMIC_NO_PIC = NO;
				GCC_NO_COMMON_BLOCKS = YES;
				GCC_OPTIMIZATION_LEVEL = 0;
				GCC_PREPROCESSOR_DEFINITIONS = (
					"DEBUG=1",
					"$(inherited)",
				);
				GCC_WARN_64_TO_32_BIT_CONVERSION = YES;
				GCC_WARN_ABOUT_RETURN_TYPE = YES_ERROR;
				GCC_WARN_UNDECLARED_SELECTOR = YES;
				GCC_WARN_UNINITIALIZED_AUTOS = YES_AGGRESSIVE;
				GCC_WARN_UNUSED_FUNCTION = YES;
				GCC_WARN_UNUSED_VARIABLE = YES;
				IPHONEOS_DEPLOYMENT_TARGET = 9.2;
				MTL_ENABLE_DEBUG_INFO = YES;
				ONLY_ACTIVE_ARCH = YES;
				SDKROOT = iphoneos;
				SWIFT_OPTIMIZATION_LEVEL = "-Onone";
			};
			name = Debug;
		};
		DF53D7E51C3B894F00DB457E /* Release */ = {
			isa = XCBuildConfiguration;
			buildSettings = {
				ALWAYS_SEARCH_USER_PATHS = NO;
				CLANG_CXX_LANGUAGE_STANDARD = "gnu++0x";
				CLANG_CXX_LIBRARY = "libc++";
				CLANG_ENABLE_MODULES = YES;
				CLANG_ENABLE_OBJC_ARC = YES;
				CLANG_WARN_BOOL_CONVERSION = YES;
				CLANG_WARN_CONSTANT_CONVERSION = YES;
				CLANG_WARN_DIRECT_OBJC_ISA_USAGE = YES_ERROR;
				CLANG_WARN_EMPTY_BODY = YES;
				CLANG_WARN_ENUM_CONVERSION = YES;
				CLANG_WARN_INT_CONVERSION = YES;
				CLANG_WARN_OBJC_ROOT_CLASS = YES_ERROR;
				CLANG_WARN_UNREACHABLE_CODE = YES;
				CLANG_WARN__DUPLICATE_METHOD_MATCH = YES;
				"CODE_SIGN_IDENTITY[sdk=iphoneos*]" = "iPhone Developer";
				COPY_PHASE_STRIP = NO;
				DEBUG_INFORMATION_FORMAT = "dwarf-with-dsym";
				ENABLE_NS_ASSERTIONS = NO;
				ENABLE_STRICT_OBJC_MSGSEND = YES;
				GCC_C_LANGUAGE_STANDARD = gnu99;
				GCC_NO_COMMON_BLOCKS = YES;
				GCC_WARN_64_TO_32_BIT_CONVERSION = YES;
				GCC_WARN_ABOUT_RETURN_TYPE = YES_ERROR;
				GCC_WARN_UNDECLARED_SELECTOR = YES;
				GCC_WARN_UNINITIALIZED_AUTOS = YES_AGGRESSIVE;
				GCC_WARN_UNUSED_FUNCTION = YES;
				GCC_WARN_UNUSED_VARIABLE = YES;
				IPHONEOS_DEPLOYMENT_TARGET = 9.2;
				MTL_ENABLE_DEBUG_INFO = NO;
				SDKROOT = iphoneos;
				VALIDATE_PRODUCT = YES;
			};
			name = Release;
		};
		DF53D7E71C3B894F00DB457E /* Debug */ = {
			isa = XCBuildConfiguration;
			buildSettings = {
				ASSETCATALOG_COMPILER_APPICON_NAME = AppIcon;
				FRAMEWORK_SEARCH_PATHS = (
					"$(inherited)",
					"$(PROJECT_DIR)/Carthage/Build/iOS",
				);
				INFOPLIST_FILE = FunnelKitDemo/Info.plist;
				LD_RUNPATH_SEARCH_PATHS = "$(inherited) @executable_path/Frameworks";
				PRODUCT_BUNDLE_IDENTIFIER = com.reserbus.FunnelKitDemo;
				PRODUCT_NAME = "$(TARGET_NAME)";
			};
			name = Debug;
		};
		DF53D7E81C3B894F00DB457E /* Release */ = {
			isa = XCBuildConfiguration;
			buildSettings = {
				ASSETCATALOG_COMPILER_APPICON_NAME = AppIcon;
				FRAMEWORK_SEARCH_PATHS = (
					"$(inherited)",
					"$(PROJECT_DIR)/Carthage/Build/iOS",
				);
				INFOPLIST_FILE = FunnelKitDemo/Info.plist;
				LD_RUNPATH_SEARCH_PATHS = "$(inherited) @executable_path/Frameworks";
				PRODUCT_BUNDLE_IDENTIFIER = com.reserbus.FunnelKitDemo;
				PRODUCT_NAME = "$(TARGET_NAME)";
			};
			name = Release;
		};
		DF53D7EA1C3B894F00DB457E /* Debug */ = {
			isa = XCBuildConfiguration;
			buildSettings = {
				INFOPLIST_FILE = FunnelKitDemoUITests/Info.plist;
				LD_RUNPATH_SEARCH_PATHS = "$(inherited) @executable_path/Frameworks @loader_path/Frameworks";
				PRODUCT_BUNDLE_IDENTIFIER = com.reserbus.FunnelKitDemoUITests;
				PRODUCT_NAME = "$(TARGET_NAME)";
				TEST_TARGET_NAME = FunnelKitDemo;
				USES_XCTRUNNER = YES;
			};
			name = Debug;
		};
		DF53D7EB1C3B894F00DB457E /* Release */ = {
			isa = XCBuildConfiguration;
			buildSettings = {
				INFOPLIST_FILE = FunnelKitDemoUITests/Info.plist;
				LD_RUNPATH_SEARCH_PATHS = "$(inherited) @executable_path/Frameworks @loader_path/Frameworks";
				PRODUCT_BUNDLE_IDENTIFIER = com.reserbus.FunnelKitDemoUITests;
				PRODUCT_NAME = "$(TARGET_NAME)";
				TEST_TARGET_NAME = FunnelKitDemo;
				USES_XCTRUNNER = YES;
			};
			name = Release;
		};
/* End XCBuildConfiguration section */

/* Begin XCConfigurationList section */
		DF53D7C41C3B894F00DB457E /* Build configuration list for PBXProject "FunnelKitDemo" */ = {
			isa = XCConfigurationList;
			buildConfigurations = (
				DF53D7E41C3B894F00DB457E /* Debug */,
				DF53D7E51C3B894F00DB457E /* Release */,
			);
			defaultConfigurationIsVisible = 0;
			defaultConfigurationName = Release;
		};
		DF53D7E61C3B894F00DB457E /* Build configuration list for PBXNativeTarget "FunnelKitDemo" */ = {
			isa = XCConfigurationList;
			buildConfigurations = (
				DF53D7E71C3B894F00DB457E /* Debug */,
				DF53D7E81C3B894F00DB457E /* Release */,
			);
			defaultConfigurationIsVisible = 0;
			defaultConfigurationName = Release;
		};
		DF53D7E91C3B894F00DB457E /* Build configuration list for PBXNativeTarget "FunnelKitDemoUITests" */ = {
			isa = XCConfigurationList;
			buildConfigurations = (
				DF53D7EA1C3B894F00DB457E /* Debug */,
				DF53D7EB1C3B894F00DB457E /* Release */,
			);
			defaultConfigurationIsVisible = 0;
			defaultConfigurationName = Release;
		};
/* End XCConfigurationList section */
	};
	rootObject = DF53D7C11C3B894F00DB457E /* Project object */;
}
